
Microsoft Visual Studio Solution File, Format Version 12.00
# Visual Studio Version 16
VisualStudioVersion = 16.0.31306.274
MinimumVisualStudioVersion = 10.0.40219.1
Project("{FAE04EC0-301F-11D3-BF4B-00C04F79EFBC}") = "IsFixedRendering", "IsFixedRendering.csproj", "{792078EF-7A68-45F6-85AA-D97666C1D87D}"
EndProject
Global
	GlobalSection(SolutionConfigurationPlatforms) = preSolution
		Debug|Any CPU = Debug|Any CPU
		Release|Any CPU = Release|Any CPU
	EndGlobalSection
	GlobalSection(ProjectConfigurationPlatforms) = postSolution
		{792078EF-7A68-45F6-85AA-D97666C1D87D}.Debug|Any CPU.ActiveCfg = Debug|Any CPU
		{792078EF-7A68-45F6-85AA-D97666C1D87D}.Debug|Any CPU.Build.0 = Debug|Any CPU
		{792078EF-7A68-45F6-85AA-D97666C1D87D}.Release|Any CPU.ActiveCfg = Release|Any CPU
		{792078EF-7A68-45F6-85AA-D97666C1D87D}.Release|Any CPU.Build.0 = Release|Any CPU
	EndGlobalSection
	GlobalSection(SolutionProperties) = preSolution
		HideSolutionNode = FALSE
	EndGlobalSection
	GlobalSection(ExtensibilityGlobals) = postSolution
		SolutionGuid = {EEECAC49-DC03-4739-BC13-ADEEC704DAD0}
	EndGlobalSection
EndGlobal
